
Terraform used the selected providers to generate the following execution
plan. Resource actions are indicated with the following symbols:
  + create

Terraform will perform the following actions:

  # azurerm_resource_group.ascension_test_rg[0] will be created
  + resource "azurerm_resource_group" "ascension_test_rg" {
      + id       = (known after apply)
      + location = "northeurope"
      + name     = "ascension-up-dev-rg"
      + tags     = {
          + "environment" = "dev"
        }
    }

  # module.azure_registry_container.azurerm_container_registry.acr will be created
  + resource "azurerm_container_registry" "acr" {
      + admin_enabled                 = false
      + admin_password                = (sensitive value)
      + admin_username                = (known after apply)
      + encryption                    = (known after apply)
      + export_policy_enabled         = true
      + id                            = (known after apply)
      + location                      = "northeurope"
      + login_server                  = (known after apply)
      + name                          = (known after apply)
      + network_rule_bypass_option    = "AzureServices"
      + network_rule_set              = (known after apply)
      + public_network_access_enabled = true
      + resource_group_name           = "ascension-up-dev-rg"
      + retention_policy              = (known after apply)
      + sku                           = "Basic"
      + tags                          = {
          + "environment" = "dev"
        }
      + trust_policy                  = (known after apply)
      + zone_redundancy_enabled       = false
    }

  # module.azure_registry_container.random_string.acr_suffix will be created
  + resource "random_string" "acr_suffix" {
      + id          = (known after apply)
      + length      = 7
      + lower       = true
      + min_lower   = 0
      + min_numeric = 0
      + min_special = 0
      + min_upper   = 0
      + number      = true
      + numeric     = true
      + result      = (known after apply)
      + special     = false
      + upper       = false
    }

Plan: 3 to add, 0 to change, 0 to destroy.

Changes to Outputs:
  + resource_group_name = "ascension-up-dev-rg"

Warning: Resource targeting is in effect

You are creating a plan with the -target option, which means that the result of this plan may not
represent all of the changes requested by the current configuration.

The -target option is not for routine use, and is provided only for exceptional situations such as
recovering from errors or mistakes, or when Terraform specifically suggests to use it as part of an error
message.

─────────────────────────────────────────────────────────────────────────────

Saved the plan to: tfplan.dev.out

To perform exactly these actions, run the following command to apply:
    terraform apply "tfplan.dev.out"
